
Microsoft Visual Studio Solution File, Format Version 12.00
# Visual Studio Version 16
VisualStudioVersion = 16.0.29609.76
MinimumVisualStudioVersion = 10.0.40219.1
Project("{FAE04EC0-301F-11D3-BF4B-00C04F79EFBC}") = "Tamtom.Application", "Tamtom.Application\Tamtom.Application.csproj", "{B57485EE-115E-40AB-A46E-E4D8EA0067BF}"
EndProject
Global
	GlobalSection(SolutionConfigurationPlatforms) = preSolution
		Debug|Any CPU = Debug|Any CPU
		Release|Any CPU = Release|Any CPU
	EndGlobalSection
	GlobalSection(ProjectConfigurationPlatforms) = postSolution
		{B57485EE-115E-40AB-A46E-E4D8EA0067BF}.Debug|Any CPU.ActiveCfg = Debug|Any CPU
		{B57485EE-115E-40AB-A46E-E4D8EA0067BF}.Debug|Any CPU.Build.0 = Debug|Any CPU
		{B57485EE-115E-40AB-A46E-E4D8EA0067BF}.Release|Any CPU.ActiveCfg = Release|Any CPU
		{B57485EE-115E-40AB-A46E-E4D8EA0067BF}.Release|Any CPU.Build.0 = Release|Any CPU
	EndGlobalSection
	GlobalSection(SolutionProperties) = preSolution
		HideSolutionNode = FALSE
	EndGlobalSection
	GlobalSection(ExtensibilityGlobals) = postSolution
		SolutionGuid = {17C28D91-A172-4652-AABC-E6756E29174C}
	EndGlobalSection
EndGlobal
